
Microsoft Visual Studio Solution File, Format Version 12.00
# Visual Studio 15
VisualStudioVersion = 15.0.26124.0
MinimumVisualStudioVersion = 15.0.26124.0
Project("{2150E333-8FDC-42A3-9474-1A3956D46DE8}") = "Layers", "Layers", "{01434CF8-8A5C-431F-AA8B-EFDACBA0EDCE}"
EndProject
Project("{FAE04EC0-301F-11D3-BF4B-00C04F79EFBC}") = "Layers.Application", "Layers\Application\Layers.Application.csproj", "{22D5F873-C9EA-4DA6-A33A-9A01D7963173}"
EndProject
Project("{FAE04EC0-301F-11D3-BF4B-00C04F79EFBC}") = "Layers.Data", "Layers\Data\Layers.Data.csproj", "{388BC0F5-693A-4F0C-BABE-7D4CE1106AD8}"
EndProject
Project("{FAE04EC0-301F-11D3-BF4B-00C04F79EFBC}") = "Layers.Domain", "Layers\Domain\Layers.Domain.csproj", "{30C7F8AA-2F1F-4C7F-A294-7B0CD9972C53}"
EndProject
Project("{FAE04EC0-301F-11D3-BF4B-00C04F79EFBC}") = "Layers.Infra", "Layers\Infra\Layers.Infra.csproj", "{AC1B39AB-05DF-4AAD-8345-3130DCF222F4}"
EndProject
Project("{FAE04EC0-301F-11D3-BF4B-00C04F79EFBC}") = "Layers.WebApi", "Layers\WebApi\Layers.WebApi.csproj", "{92B4E854-0A15-4ECF-8BC7-3A75D9CA3F1B}"
EndProject
Project("{2150E333-8FDC-42A3-9474-1A3956D46DE8}") = "UI", "UI", "{E13FC593-422F-4721-AD6F-7FD54E248E9D}"
EndProject
Project("{FAE04EC0-301F-11D3-BF4B-00C04F79EFBC}") = "HeroAPI.WebAPI", "UI\HeroAPI.WebAPI\HeroAPI.WebAPI.csproj", "{DEA2AC08-9072-497D-809C-A5BA1B971456}"
EndProject
Project("{2150E333-8FDC-42A3-9474-1A3956D46DE8}") = "Contexts", "Contexts", "{B526EACA-E9CE-4954-8804-EB5AC076AECD}"
EndProject
Project("{2150E333-8FDC-42A3-9474-1A3956D46DE8}") = "Hero", "Hero", "{498F7B5E-2082-46FA-A0A1-866303C7D049}"
EndProject
Project("{FAE04EC0-301F-11D3-BF4B-00C04F79EFBC}") = "HeroAPI.Hero.Application", "Contexts\Hero\HeroAPI.Hero.Application\HeroAPI.Hero.Application.csproj", "{105EC973-019B-46FB-8CA5-C6AC872036A7}"
EndProject
Project("{FAE04EC0-301F-11D3-BF4B-00C04F79EFBC}") = "HeroAPI.Hero.Data", "Contexts\Hero\HeroAPI.Hero.Data\HeroAPI.Hero.Data.csproj", "{445E4882-D30D-45CC-BC44-FDC7FCD2CE2F}"
EndProject
Project("{FAE04EC0-301F-11D3-BF4B-00C04F79EFBC}") = "HeroAPI.Hero.Domain", "Contexts\Hero\HeroAPI.Hero.Domain\HeroAPI.Hero.Domain.csproj", "{6912A043-27C8-46FE-80BC-DF14D7FCB3AF}"
EndProject
Project("{FAE04EC0-301F-11D3-BF4B-00C04F79EFBC}") = "HeroAPI.Hero.Infra", "Contexts\Hero\HeroAPI.Hero.Infra\HeroAPI.Hero.Infra.csproj", "{41230A30-3241-491C-ABA4-20EDBC86A660}"
EndProject
Global
	GlobalSection(SolutionConfigurationPlatforms) = preSolution
		Debug|Any CPU = Debug|Any CPU
		Debug|x64 = Debug|x64
		Debug|x86 = Debug|x86
		Release|Any CPU = Release|Any CPU
		Release|x64 = Release|x64
		Release|x86 = Release|x86
	EndGlobalSection
	GlobalSection(SolutionProperties) = preSolution
		HideSolutionNode = FALSE
	EndGlobalSection
	GlobalSection(ProjectConfigurationPlatforms) = postSolution
		{22D5F873-C9EA-4DA6-A33A-9A01D7963173}.Debug|Any CPU.ActiveCfg = Debug|Any CPU
		{22D5F873-C9EA-4DA6-A33A-9A01D7963173}.Debug|Any CPU.Build.0 = Debug|Any CPU
		{22D5F873-C9EA-4DA6-A33A-9A01D7963173}.Debug|x64.ActiveCfg = Debug|Any CPU
		{22D5F873-C9EA-4DA6-A33A-9A01D7963173}.Debug|x64.Build.0 = Debug|Any CPU
		{22D5F873-C9EA-4DA6-A33A-9A01D7963173}.Debug|x86.ActiveCfg = Debug|Any CPU
		{22D5F873-C9EA-4DA6-A33A-9A01D7963173}.Debug|x86.Build.0 = Debug|Any CPU
		{22D5F873-C9EA-4DA6-A33A-9A01D7963173}.Release|Any CPU.ActiveCfg = Release|Any CPU
		{22D5F873-C9EA-4DA6-A33A-9A01D7963173}.Release|Any CPU.Build.0 = Release|Any CPU
		{22D5F873-C9EA-4DA6-A33A-9A01D7963173}.Release|x64.ActiveCfg = Release|Any CPU
		{22D5F873-C9EA-4DA6-A33A-9A01D7963173}.Release|x64.Build.0 = Release|Any CPU
		{22D5F873-C9EA-4DA6-A33A-9A01D7963173}.Release|x86.ActiveCfg = Release|Any CPU
		{22D5F873-C9EA-4DA6-A33A-9A01D7963173}.Release|x86.Build.0 = Release|Any CPU
		{388BC0F5-693A-4F0C-BABE-7D4CE1106AD8}.Debug|Any CPU.ActiveCfg = Debug|Any CPU
		{388BC0F5-693A-4F0C-BABE-7D4CE1106AD8}.Debug|Any CPU.Build.0 = Debug|Any CPU
		{388BC0F5-693A-4F0C-BABE-7D4CE1106AD8}.Debug|x64.ActiveCfg = Debug|Any CPU
		{388BC0F5-693A-4F0C-BABE-7D4CE1106AD8}.Debug|x64.Build.0 = Debug|Any CPU
		{388BC0F5-693A-4F0C-BABE-7D4CE1106AD8}.Debug|x86.ActiveCfg = Debug|Any CPU
		{388BC0F5-693A-4F0C-BABE-7D4CE1106AD8}.Debug|x86.Build.0 = Debug|Any CPU
		{388BC0F5-693A-4F0C-BABE-7D4CE1106AD8}.Release|Any CPU.ActiveCfg = Release|Any CPU
		{388BC0F5-693A-4F0C-BABE-7D4CE1106AD8}.Release|Any CPU.Build.0 = Release|Any CPU
		{388BC0F5-693A-4F0C-BABE-7D4CE1106AD8}.Release|x64.ActiveCfg = Release|Any CPU
		{388BC0F5-693A-4F0C-BABE-7D4CE1106AD8}.Release|x64.Build.0 = Release|Any CPU
		{388BC0F5-693A-4F0C-BABE-7D4CE1106AD8}.Release|x86.ActiveCfg = Release|Any CPU
		{388BC0F5-693A-4F0C-BABE-7D4CE1106AD8}.Release|x86.Build.0 = Release|Any CPU
		{30C7F8AA-2F1F-4C7F-A294-7B0CD9972C53}.Debug|Any CPU.ActiveCfg = Debug|Any CPU
		{30C7F8AA-2F1F-4C7F-A294-7B0CD9972C53}.Debug|Any CPU.Build.0 = Debug|Any CPU
		{30C7F8AA-2F1F-4C7F-A294-7B0CD9972C53}.Debug|x64.ActiveCfg = Debug|Any CPU
		{30C7F8AA-2F1F-4C7F-A294-7B0CD9972C53}.Debug|x64.Build.0 = Debug|Any CPU
		{30C7F8AA-2F1F-4C7F-A294-7B0CD9972C53}.Debug|x86.ActiveCfg = Debug|Any CPU
		{30C7F8AA-2F1F-4C7F-A294-7B0CD9972C53}.Debug|x86.Build.0 = Debug|Any CPU
		{30C7F8AA-2F1F-4C7F-A294-7B0CD9972C53}.Release|Any CPU.ActiveCfg = Release|Any CPU
		{30C7F8AA-2F1F-4C7F-A294-7B0CD9972C53}.Release|Any CPU.Build.0 = Release|Any CPU
		{30C7F8AA-2F1F-4C7F-A294-7B0CD9972C53}.Release|x64.ActiveCfg = Release|Any CPU
		{30C7F8AA-2F1F-4C7F-A294-7B0CD9972C53}.Release|x64.Build.0 = Release|Any CPU
		{30C7F8AA-2F1F-4C7F-A294-7B0CD9972C53}.Release|x86.ActiveCfg = Release|Any CPU
		{30C7F8AA-2F1F-4C7F-A294-7B0CD9972C53}.Release|x86.Build.0 = Release|Any CPU
		{AC1B39AB-05DF-4AAD-8345-3130DCF222F4}.Debug|Any CPU.ActiveCfg = Debug|Any CPU
		{AC1B39AB-05DF-4AAD-8345-3130DCF222F4}.Debug|Any CPU.Build.0 = Debug|Any CPU
		{AC1B39AB-05DF-4AAD-8345-3130DCF222F4}.Debug|x64.ActiveCfg = Debug|Any CPU
		{AC1B39AB-05DF-4AAD-8345-3130DCF222F4}.Debug|x64.Build.0 = Debug|Any CPU
		{AC1B39AB-05DF-4AAD-8345-3130DCF222F4}.Debug|x86.ActiveCfg = Debug|Any CPU
		{AC1B39AB-05DF-4AAD-8345-3130DCF222F4}.Debug|x86.Build.0 = Debug|Any CPU
		{AC1B39AB-05DF-4AAD-8345-3130DCF222F4}.Release|Any CPU.ActiveCfg = Release|Any CPU
		{AC1B39AB-05DF-4AAD-8345-3130DCF222F4}.Release|Any CPU.Build.0 = Release|Any CPU
		{AC1B39AB-05DF-4AAD-8345-3130DCF222F4}.Release|x64.ActiveCfg = Release|Any CPU
		{AC1B39AB-05DF-4AAD-8345-3130DCF222F4}.Release|x64.Build.0 = Release|Any CPU
		{AC1B39AB-05DF-4AAD-8345-3130DCF222F4}.Release|x86.ActiveCfg = Release|Any CPU
		{AC1B39AB-05DF-4AAD-8345-3130DCF222F4}.Release|x86.Build.0 = Release|Any CPU
		{92B4E854-0A15-4ECF-8BC7-3A75D9CA3F1B}.Debug|Any CPU.ActiveCfg = Debug|Any CPU
		{92B4E854-0A15-4ECF-8BC7-3A75D9CA3F1B}.Debug|Any CPU.Build.0 = Debug|Any CPU
		{92B4E854-0A15-4ECF-8BC7-3A75D9CA3F1B}.Debug|x64.ActiveCfg = Debug|Any CPU
		{92B4E854-0A15-4ECF-8BC7-3A75D9CA3F1B}.Debug|x64.Build.0 = Debug|Any CPU
		{92B4E854-0A15-4ECF-8BC7-3A75D9CA3F1B}.Debug|x86.ActiveCfg = Debug|Any CPU
		{92B4E854-0A15-4ECF-8BC7-3A75D9CA3F1B}.Debug|x86.Build.0 = Debug|Any CPU
		{92B4E854-0A15-4ECF-8BC7-3A75D9CA3F1B}.Release|Any CPU.ActiveCfg = Release|Any CPU
		{92B4E854-0A15-4ECF-8BC7-3A75D9CA3F1B}.Release|Any CPU.Build.0 = Release|Any CPU
		{92B4E854-0A15-4ECF-8BC7-3A75D9CA3F1B}.Release|x64.ActiveCfg = Release|Any CPU
		{92B4E854-0A15-4ECF-8BC7-3A75D9CA3F1B}.Release|x64.Build.0 = Release|Any CPU
		{92B4E854-0A15-4ECF-8BC7-3A75D9CA3F1B}.Release|x86.ActiveCfg = Release|Any CPU
		{92B4E854-0A15-4ECF-8BC7-3A75D9CA3F1B}.Release|x86.Build.0 = Release|Any CPU
		{DEA2AC08-9072-497D-809C-A5BA1B971456}.Debug|Any CPU.ActiveCfg = Debug|Any CPU
		{DEA2AC08-9072-497D-809C-A5BA1B971456}.Debug|Any CPU.Build.0 = Debug|Any CPU
		{DEA2AC08-9072-497D-809C-A5BA1B971456}.Debug|x64.ActiveCfg = Debug|Any CPU
		{DEA2AC08-9072-497D-809C-A5BA1B971456}.Debug|x64.Build.0 = Debug|Any CPU
		{DEA2AC08-9072-497D-809C-A5BA1B971456}.Debug|x86.ActiveCfg = Debug|Any CPU
		{DEA2AC08-9072-497D-809C-A5BA1B971456}.Debug|x86.Build.0 = Debug|Any CPU
		{DEA2AC08-9072-497D-809C-A5BA1B971456}.Release|Any CPU.ActiveCfg = Release|Any CPU
		{DEA2AC08-9072-497D-809C-A5BA1B971456}.Release|Any CPU.Build.0 = Release|Any CPU
		{DEA2AC08-9072-497D-809C-A5BA1B971456}.Release|x64.ActiveCfg = Release|Any CPU
		{DEA2AC08-9072-497D-809C-A5BA1B971456}.Release|x64.Build.0 = Release|Any CPU
		{DEA2AC08-9072-497D-809C-A5BA1B971456}.Release|x86.ActiveCfg = Release|Any CPU
		{DEA2AC08-9072-497D-809C-A5BA1B971456}.Release|x86.Build.0 = Release|Any CPU
		{105EC973-019B-46FB-8CA5-C6AC872036A7}.Debug|Any CPU.ActiveCfg = Debug|Any CPU
		{105EC973-019B-46FB-8CA5-C6AC872036A7}.Debug|Any CPU.Build.0 = Debug|Any CPU
		{105EC973-019B-46FB-8CA5-C6AC872036A7}.Debug|x64.ActiveCfg = Debug|Any CPU
		{105EC973-019B-46FB-8CA5-C6AC872036A7}.Debug|x64.Build.0 = Debug|Any CPU
		{105EC973-019B-46FB-8CA5-C6AC872036A7}.Debug|x86.ActiveCfg = Debug|Any CPU
		{105EC973-019B-46FB-8CA5-C6AC872036A7}.Debug|x86.Build.0 = Debug|Any CPU
		{105EC973-019B-46FB-8CA5-C6AC872036A7}.Release|Any CPU.ActiveCfg = Release|Any CPU
		{105EC973-019B-46FB-8CA5-C6AC872036A7}.Release|Any CPU.Build.0 = Release|Any CPU
		{105EC973-019B-46FB-8CA5-C6AC872036A7}.Release|x64.ActiveCfg = Release|Any CPU
		{105EC973-019B-46FB-8CA5-C6AC872036A7}.Release|x64.Build.0 = Release|Any CPU
		{105EC973-019B-46FB-8CA5-C6AC872036A7}.Release|x86.ActiveCfg = Release|Any CPU
		{105EC973-019B-46FB-8CA5-C6AC872036A7}.Release|x86.Build.0 = Release|Any CPU
		{445E4882-D30D-45CC-BC44-FDC7FCD2CE2F}.Debug|Any CPU.ActiveCfg = Debug|Any CPU
		{445E4882-D30D-45CC-BC44-FDC7FCD2CE2F}.Debug|Any CPU.Build.0 = Debug|Any CPU
		{445E4882-D30D-45CC-BC44-FDC7FCD2CE2F}.Debug|x64.ActiveCfg = Debug|Any CPU
		{445E4882-D30D-45CC-BC44-FDC7FCD2CE2F}.Debug|x64.Build.0 = Debug|Any CPU
		{445E4882-D30D-45CC-BC44-FDC7FCD2CE2F}.Debug|x86.ActiveCfg = Debug|Any CPU
		{445E4882-D30D-45CC-BC44-FDC7FCD2CE2F}.Debug|x86.Build.0 = Debug|Any CPU
		{445E4882-D30D-45CC-BC44-FDC7FCD2CE2F}.Release|Any CPU.ActiveCfg = Release|Any CPU
		{445E4882-D30D-45CC-BC44-FDC7FCD2CE2F}.Release|Any CPU.Build.0 = Release|Any CPU
		{445E4882-D30D-45CC-BC44-FDC7FCD2CE2F}.Release|x64.ActiveCfg = Release|Any CPU
		{445E4882-D30D-45CC-BC44-FDC7FCD2CE2F}.Release|x64.Build.0 = Release|Any CPU
		{445E4882-D30D-45CC-BC44-FDC7FCD2CE2F}.Release|x86.ActiveCfg = Release|Any CPU
		{445E4882-D30D-45CC-BC44-FDC7FCD2CE2F}.Release|x86.Build.0 = Release|Any CPU
		{6912A043-27C8-46FE-80BC-DF14D7FCB3AF}.Debug|Any CPU.ActiveCfg = Debug|Any CPU
		{6912A043-27C8-46FE-80BC-DF14D7FCB3AF}.Debug|Any CPU.Build.0 = Debug|Any CPU
		{6912A043-27C8-46FE-80BC-DF14D7FCB3AF}.Debug|x64.ActiveCfg = Debug|Any CPU
		{6912A043-27C8-46FE-80BC-DF14D7FCB3AF}.Debug|x64.Build.0 = Debug|Any CPU
		{6912A043-27C8-46FE-80BC-DF14D7FCB3AF}.Debug|x86.ActiveCfg = Debug|Any CPU
		{6912A043-27C8-46FE-80BC-DF14D7FCB3AF}.Debug|x86.Build.0 = Debug|Any CPU
		{6912A043-27C8-46FE-80BC-DF14D7FCB3AF}.Release|Any CPU.ActiveCfg = Release|Any CPU
		{6912A043-27C8-46FE-80BC-DF14D7FCB3AF}.Release|Any CPU.Build.0 = Release|Any CPU
		{6912A043-27C8-46FE-80BC-DF14D7FCB3AF}.Release|x64.ActiveCfg = Release|Any CPU
		{6912A043-27C8-46FE-80BC-DF14D7FCB3AF}.Release|x64.Build.0 = Release|Any CPU
		{6912A043-27C8-46FE-80BC-DF14D7FCB3AF}.Release|x86.ActiveCfg = Release|Any CPU
		{6912A043-27C8-46FE-80BC-DF14D7FCB3AF}.Release|x86.Build.0 = Release|Any CPU
		{41230A30-3241-491C-ABA4-20EDBC86A660}.Debug|Any CPU.ActiveCfg = Debug|Any CPU
		{41230A30-3241-491C-ABA4-20EDBC86A660}.Debug|Any CPU.Build.0 = Debug|Any CPU
		{41230A30-3241-491C-ABA4-20EDBC86A660}.Debug|x64.ActiveCfg = Debug|Any CPU
		{41230A30-3241-491C-ABA4-20EDBC86A660}.Debug|x64.Build.0 = Debug|Any CPU
		{41230A30-3241-491C-ABA4-20EDBC86A660}.Debug|x86.ActiveCfg = Debug|Any CPU
		{41230A30-3241-491C-ABA4-20EDBC86A660}.Debug|x86.Build.0 = Debug|Any CPU
		{41230A30-3241-491C-ABA4-20EDBC86A660}.Release|Any CPU.ActiveCfg = Release|Any CPU
		{41230A30-3241-491C-ABA4-20EDBC86A660}.Release|Any CPU.Build.0 = Release|Any CPU
		{41230A30-3241-491C-ABA4-20EDBC86A660}.Release|x64.ActiveCfg = Release|Any CPU
		{41230A30-3241-491C-ABA4-20EDBC86A660}.Release|x64.Build.0 = Release|Any CPU
		{41230A30-3241-491C-ABA4-20EDBC86A660}.Release|x86.ActiveCfg = Release|Any CPU
		{41230A30-3241-491C-ABA4-20EDBC86A660}.Release|x86.Build.0 = Release|Any CPU
	EndGlobalSection
	GlobalSection(NestedProjects) = preSolution
		{22D5F873-C9EA-4DA6-A33A-9A01D7963173} = {01434CF8-8A5C-431F-AA8B-EFDACBA0EDCE}
		{388BC0F5-693A-4F0C-BABE-7D4CE1106AD8} = {01434CF8-8A5C-431F-AA8B-EFDACBA0EDCE}
		{30C7F8AA-2F1F-4C7F-A294-7B0CD9972C53} = {01434CF8-8A5C-431F-AA8B-EFDACBA0EDCE}
		{AC1B39AB-05DF-4AAD-8345-3130DCF222F4} = {01434CF8-8A5C-431F-AA8B-EFDACBA0EDCE}
		{92B4E854-0A15-4ECF-8BC7-3A75D9CA3F1B} = {01434CF8-8A5C-431F-AA8B-EFDACBA0EDCE}
		{DEA2AC08-9072-497D-809C-A5BA1B971456} = {E13FC593-422F-4721-AD6F-7FD54E248E9D}
		{498F7B5E-2082-46FA-A0A1-866303C7D049} = {B526EACA-E9CE-4954-8804-EB5AC076AECD}
		{105EC973-019B-46FB-8CA5-C6AC872036A7} = {498F7B5E-2082-46FA-A0A1-866303C7D049}
		{445E4882-D30D-45CC-BC44-FDC7FCD2CE2F} = {498F7B5E-2082-46FA-A0A1-866303C7D049}
		{6912A043-27C8-46FE-80BC-DF14D7FCB3AF} = {498F7B5E-2082-46FA-A0A1-866303C7D049}
		{41230A30-3241-491C-ABA4-20EDBC86A660} = {498F7B5E-2082-46FA-A0A1-866303C7D049}
	EndGlobalSection
EndGlobal
